
Microsoft Visual Studio Solution File, Format Version 12.00
# Visual Studio Version 17
VisualStudioVersion = 17.7.34031.279
MinimumVisualStudioVersion = 10.0.40219.1
Project("{2150E333-8FDC-42A3-9474-1A3956D46DE8}") = "Task0", "Task0", "{F5BE505E-534A-4953-95C2-BFAF849DC045}"
EndProject
Project("{2150E333-8FDC-42A3-9474-1A3956D46DE8}") = "Task1", "Task1", "{64743052-03C5-4F9D-80F7-85817CFBF827}"
EndProject
Project("{2150E333-8FDC-42A3-9474-1A3956D46DE8}") = "Task2", "Task2", "{BE05BEE7-2652-41E1-9B9A-360E9845CD3D}"
EndProject
Project("{FAE04EC0-301F-11D3-BF4B-00C04F79EFBC}") = "Tyuiu.KhasanovRV.Sprint1.Task2.V12", "Tyuiu.KhasanovRV.Sprint1.Task2.V12\Tyuiu.KhasanovRV.Sprint1.Task2.V12.csproj", "{72996836-1993-411B-A152-8A4ECC236487}"
EndProject
Project("{FAE04EC0-301F-11D3-BF4B-00C04F79EFBC}") = "Tyuiu.KhasanovRV.Sprint1.Task2.V12.Lib", "Tyuiu.KhasanovRV.Sprint1.Task2.V12.Lib\Tyuiu.KhasanovRV.Sprint1.Task2.V12.Lib.csproj", "{1075A88A-6FA3-4103-9212-CCEFE6E799FB}"
EndProject
Project("{FAE04EC0-301F-11D3-BF4B-00C04F79EFBC}") = "Tyuiu.KhasanovRV.Sprint1.Task2.V12.Test", "Tyuiu.KhasanovRV.Sprint1.Task2.V12.Test\Tyuiu.KhasanovRV.Sprint1.Task2.V12.Test.csproj", "{15D355BB-1D16-4D8D-B24A-351000E77B00}"
EndProject
Project("{2150E333-8FDC-42A3-9474-1A3956D46DE8}") = "Task3", "Task3", "{1B3BBBE0-3DDE-4B4F-B7EE-ACE16189DE5D}"
EndProject
Project("{FAE04EC0-301F-11D3-BF4B-00C04F79EFBC}") = "Tyuiu.KhasanovRV.Sprint1.Task3.V7", "Tyuiu.KhasanovRV.Sprint1.Task3.V7\Tyuiu.KhasanovRV.Sprint1.Task3.V7.csproj", "{F4677A72-48AC-4BEB-94B2-17A08D0B5D30}"
EndProject
Project("{FAE04EC0-301F-11D3-BF4B-00C04F79EFBC}") = "Tyuiu.KhasanovRV.Sprint1.Task3.V7.Lib", "Tyuiu.KhasanovRV.Sprint1.Task3.V7.Lib\Tyuiu.KhasanovRV.Sprint1.Task3.V7.Lib.csproj", "{D74F2F02-1B2F-4E73-A7F8-920CB4F149B4}"
EndProject
Project("{FAE04EC0-301F-11D3-BF4B-00C04F79EFBC}") = "Tyuiu.KhasanovRV.Sprint1.Task3.V7.Test", "Tyuiu.KhasanovRV.Sprint1.Task3.V7.Test\Tyuiu.KhasanovRV.Sprint1.Task3.V7.Test.csproj", "{7CA07108-09FB-4BD5-9B79-683402030F8B}"
EndProject
Project("{2150E333-8FDC-42A3-9474-1A3956D46DE8}") = "Task4", "Task4", "{6D176D68-6845-4A9D-80FB-313F592BDCE1}"
EndProject
Project("{FAE04EC0-301F-11D3-BF4B-00C04F79EFBC}") = "Tyuiu.KhasanovRV.Sprint1.Task4.V26", "Tyuiu.KhasanovRV.Sprint1.Task4.V26\Tyuiu.KhasanovRV.Sprint1.Task4.V26.csproj", "{44E23738-7015-4CCF-81AA-15DDC47F0645}"
EndProject
Project("{FAE04EC0-301F-11D3-BF4B-00C04F79EFBC}") = "Tyuiu.KhasanovRV.Sprint1.Task4.V26.Lib", "Tyuiu.KhasanovRV.Sprint1.Task4.V26.Lib\Tyuiu.KhasanovRV.Sprint1.Task4.V26.Lib.csproj", "{7A4329FA-E4B3-47EE-83C5-C3820E22F2C9}"
EndProject
Project("{FAE04EC0-301F-11D3-BF4B-00C04F79EFBC}") = "Tyuiu.KhasanovRV.Sprint1.Task4.V26.Test", "Tyuiu.KhasanovRV.Sprint1.Task4.V26.Test\Tyuiu.KhasanovRV.Sprint1.Task4.V26.Test.csproj", "{3F82A059-152C-4E91-89F7-CC64DD90F7C5}"
EndProject
Project("{2150E333-8FDC-42A3-9474-1A3956D46DE8}") = "Task5", "Task5", "{A6D0181D-5A54-4454-8B17-9B07E54AC7F0}"
EndProject
Project("{FAE04EC0-301F-11D3-BF4B-00C04F79EFBC}") = "Tyuiu.KhasanovRV.Sprint1.Task5.V5", "Tyuiu.KhasanovRV.Sprint1.Task5.V5\Tyuiu.KhasanovRV.Sprint1.Task5.V5.csproj", "{C4D02EBB-34FB-40FD-9666-4D420DC8BD85}"
EndProject
Project("{FAE04EC0-301F-11D3-BF4B-00C04F79EFBC}") = "Tyuiu.KhasanovRV.Sprint1.Task5.V5.Lib", "Tyuiu.KhasanovRV.Sprint1.Task5.V5.Lib\Tyuiu.KhasanovRV.Sprint1.Task5.V5.Lib.csproj", "{CCB0EC14-6C76-43F7-9BC9-BA5F058B551D}"
EndProject
Project("{FAE04EC0-301F-11D3-BF4B-00C04F79EFBC}") = "Tyuiu.KhasanovRV.Sprint1.Task5.V5.Test", "Tyuiu.KhasanovRV.Sprint1.Task5.V5.Test\Tyuiu.KhasanovRV.Sprint1.Task5.V5.Test.csproj", "{8CF89D3F-E83A-42E4-845E-D993C2C7CDCA}"
EndProject
Project("{2150E333-8FDC-42A3-9474-1A3956D46DE8}") = "Task6", "Task6", "{D6DAA0A4-15D7-485C-A7CD-68728D8E7819}"
EndProject
Project("{FAE04EC0-301F-11D3-BF4B-00C04F79EFBC}") = "Tyuiu.KhasanovRV.Sprint1.Task6.V17", "Tyuiu.KhasanovRV.Sprint1.Task6.V17\Tyuiu.KhasanovRV.Sprint1.Task6.V17.csproj", "{29C18DDE-B3BE-4385-AB5E-17857778D757}"
EndProject
Project("{FAE04EC0-301F-11D3-BF4B-00C04F79EFBC}") = "Tyuiu.KhasanovRV.Sprint1.Task6.V17.Lib", "Tyuiu.KhasanovRV.Sprint1.Task6.V17.Lib\Tyuiu.KhasanovRV.Sprint1.Task6.V17.Lib.csproj", "{BEDA95A7-1A3E-452E-955F-20CEE3000154}"
EndProject
Project("{FAE04EC0-301F-11D3-BF4B-00C04F79EFBC}") = "Tyuiu.KhasanovRV.Sprint1.Task6.V17.Test", "Tyuiu.KhasanovRV.Sprint1.Task6.V17.Test\Tyuiu.KhasanovRV.Sprint1.Task6.V17.Test.csproj", "{C31F1A30-9AF5-4B0A-894B-8CC7FDDECFBB}"
EndProject
Project("{2150E333-8FDC-42A3-9474-1A3956D46DE8}") = "Task7", "Task7", "{612741C4-A793-4AE8-A91C-91EAD22E039A}"
EndProject
Project("{FAE04EC0-301F-11D3-BF4B-00C04F79EFBC}") = "Tyuiu.KhasanovRV.Sprint1.Task7.V20", "Tyuiu.KhasanovRV.Sprint1.Task7.V20\Tyuiu.KhasanovRV.Sprint1.Task7.V20.csproj", "{9B11CBB9-70AB-43B0-80B6-ECBF8AFD0EC7}"
EndProject
Project("{FAE04EC0-301F-11D3-BF4B-00C04F79EFBC}") = "Tyuiu.KhasanovRV.Sprint1.Task7.V20.Lib", "Tyuiu.KhasanovRV.Sprint1.Task7.V20.Lib\Tyuiu.KhasanovRV.Sprint1.Task7.V20.Lib.csproj", "{777D7F77-2029-4062-85CC-CCA2BD61C8D0}"
EndProject
Project("{FAE04EC0-301F-11D3-BF4B-00C04F79EFBC}") = "Tyuiu.KhasanovRV.Sprint1.Task7.V20.Test", "Tyuiu.KhasanovRV.Sprint1.Task7.V20.Test\Tyuiu.KhasanovRV.Sprint1.Task7.V20.Test.csproj", "{10C609A2-85DA-424E-BA8D-156283331C82}"
EndProject
Project("{FAE04EC0-301F-11D3-BF4B-00C04F79EFBC}") = "Tyuiu.KhasanovRV.Sprint1.Task0.V20", "Tyuiu.KhasanovRV.Sprint1.Task0.V20\Tyuiu.KhasanovRV.Sprint1.Task0.V20.csproj", "{EC5175C0-D031-45AB-9D3E-E9921A62C106}"
EndProject
Project("{FAE04EC0-301F-11D3-BF4B-00C04F79EFBC}") = "Tyuiu.KhasanovRV.Sprint1.Task0.V20.Lib", "Tyuiu.KhasanovRV.Sprint1.Task0.V20.Lib\Tyuiu.KhasanovRV.Sprint1.Task0.V20.Lib.csproj", "{0E82CD8D-D2C7-492E-A271-4255AFD32B2F}"
EndProject
Project("{FAE04EC0-301F-11D3-BF4B-00C04F79EFBC}") = "Tyuiu.KhasanovRV.Sprint1.Task0.V20.Test", "Tyuiu.KhasanovRV.Sprint1.Task0.V20.Test\Tyuiu.KhasanovRV.Sprint1.Task0.V20.Test.csproj", "{AC56C43A-305B-4BBB-86A9-9B1CBDE44DC1}"
EndProject
Project("{FAE04EC0-301F-11D3-BF4B-00C04F79EFBC}") = "Tyuiu.KhasanovRV.Sprint1.Task1.V1", "Tyuiu.KhasanovRV.Sprint1.Task1.V1\Tyuiu.KhasanovRV.Sprint1.Task1.V1.csproj", "{EB6E380E-E954-4190-B439-4809E31DD811}"
EndProject
Project("{FAE04EC0-301F-11D3-BF4B-00C04F79EFBC}") = "Tyuiu.KhasanovRV.Sprint1.Task1.V1.Lib", "Tyuiu.KhasanovRV.Sprint1.Task1.V1.Lib\Tyuiu.KhasanovRV.Sprint1.Task1.V1.Lib.csproj", "{6EF61364-C84C-4BAD-9CBE-E13262D25491}"
EndProject
Project("{FAE04EC0-301F-11D3-BF4B-00C04F79EFBC}") = "Tyuiu.KhasanovRV.Sprint1.Task1.V1.Test", "Tyuiu.KhasanovRV.Sprint1.Task1.V1.Test\Tyuiu.KhasanovRV.Sprint1.Task1.V1.Test.csproj", "{054361CA-D9DA-48B6-8D67-876E71E8839A}"
EndProject
Global
	GlobalSection(SolutionConfigurationPlatforms) = preSolution
		Debug|Any CPU = Debug|Any CPU
		Release|Any CPU = Release|Any CPU
	EndGlobalSection
	GlobalSection(ProjectConfigurationPlatforms) = postSolution
		{72996836-1993-411B-A152-8A4ECC236487}.Debug|Any CPU.ActiveCfg = Debug|Any CPU
		{72996836-1993-411B-A152-8A4ECC236487}.Debug|Any CPU.Build.0 = Debug|Any CPU
		{72996836-1993-411B-A152-8A4ECC236487}.Release|Any CPU.ActiveCfg = Release|Any CPU
		{72996836-1993-411B-A152-8A4ECC236487}.Release|Any CPU.Build.0 = Release|Any CPU
		{1075A88A-6FA3-4103-9212-CCEFE6E799FB}.Debug|Any CPU.ActiveCfg = Debug|Any CPU
		{1075A88A-6FA3-4103-9212-CCEFE6E799FB}.Debug|Any CPU.Build.0 = Debug|Any CPU
		{1075A88A-6FA3-4103-9212-CCEFE6E799FB}.Release|Any CPU.ActiveCfg = Release|Any CPU
		{1075A88A-6FA3-4103-9212-CCEFE6E799FB}.Release|Any CPU.Build.0 = Release|Any CPU
		{15D355BB-1D16-4D8D-B24A-351000E77B00}.Debug|Any CPU.ActiveCfg = Debug|Any CPU
		{15D355BB-1D16-4D8D-B24A-351000E77B00}.Debug|Any CPU.Build.0 = Debug|Any CPU
		{15D355BB-1D16-4D8D-B24A-351000E77B00}.Release|Any CPU.ActiveCfg = Release|Any CPU
		{15D355BB-1D16-4D8D-B24A-351000E77B00}.Release|Any CPU.Build.0 = Release|Any CPU
		{F4677A72-48AC-4BEB-94B2-17A08D0B5D30}.Debug|Any CPU.ActiveCfg = Debug|Any CPU
		{F4677A72-48AC-4BEB-94B2-17A08D0B5D30}.Debug|Any CPU.Build.0 = Debug|Any CPU
		{F4677A72-48AC-4BEB-94B2-17A08D0B5D30}.Release|Any CPU.ActiveCfg = Release|Any CPU
		{F4677A72-48AC-4BEB-94B2-17A08D0B5D30}.Release|Any CPU.Build.0 = Release|Any CPU
		{D74F2F02-1B2F-4E73-A7F8-920CB4F149B4}.Debug|Any CPU.ActiveCfg = Debug|Any CPU
		{D74F2F02-1B2F-4E73-A7F8-920CB4F149B4}.Debug|Any CPU.Build.0 = Debug|Any CPU
		{D74F2F02-1B2F-4E73-A7F8-920CB4F149B4}.Release|Any CPU.ActiveCfg = Release|Any CPU
		{D74F2F02-1B2F-4E73-A7F8-920CB4F149B4}.Release|Any CPU.Build.0 = Release|Any CPU
		{7CA07108-09FB-4BD5-9B79-683402030F8B}.Debug|Any CPU.ActiveCfg = Debug|Any CPU
		{7CA07108-09FB-4BD5-9B79-683402030F8B}.Debug|Any CPU.Build.0 = Debug|Any CPU
		{7CA07108-09FB-4BD5-9B79-683402030F8B}.Release|Any CPU.ActiveCfg = Release|Any CPU
		{7CA07108-09FB-4BD5-9B79-683402030F8B}.Release|Any CPU.Build.0 = Release|Any CPU
		{44E23738-7015-4CCF-81AA-15DDC47F0645}.Debug|Any CPU.ActiveCfg = Debug|Any CPU
		{44E23738-7015-4CCF-81AA-15DDC47F0645}.Debug|Any CPU.Build.0 = Debug|Any CPU
		{44E23738-7015-4CCF-81AA-15DDC47F0645}.Release|Any CPU.ActiveCfg = Release|Any CPU
		{44E23738-7015-4CCF-81AA-15DDC47F0645}.Release|Any CPU.Build.0 = Release|Any CPU
		{7A4329FA-E4B3-47EE-83C5-C3820E22F2C9}.Debug|Any CPU.ActiveCfg = Debug|Any CPU
		{7A4329FA-E4B3-47EE-83C5-C3820E22F2C9}.Debug|Any CPU.Build.0 = Debug|Any CPU
		{7A4329FA-E4B3-47EE-83C5-C3820E22F2C9}.Release|Any CPU.ActiveCfg = Release|Any CPU
		{7A4329FA-E4B3-47EE-83C5-C3820E22F2C9}.Release|Any CPU.Build.0 = Release|Any CPU
		{3F82A059-152C-4E91-89F7-CC64DD90F7C5}.Debug|Any CPU.ActiveCfg = Debug|Any CPU
		{3F82A059-152C-4E91-89F7-CC64DD90F7C5}.Debug|Any CPU.Build.0 = Debug|Any CPU
		{3F82A059-152C-4E91-89F7-CC64DD90F7C5}.Release|Any CPU.ActiveCfg = Release|Any CPU
		{3F82A059-152C-4E91-89F7-CC64DD90F7C5}.Release|Any CPU.Build.0 = Release|Any CPU
		{C4D02EBB-34FB-40FD-9666-4D420DC8BD85}.Debug|Any CPU.ActiveCfg = Debug|Any CPU
		{C4D02EBB-34FB-40FD-9666-4D420DC8BD85}.Debug|Any CPU.Build.0 = Debug|Any CPU
		{C4D02EBB-34FB-40FD-9666-4D420DC8BD85}.Release|Any CPU.ActiveCfg = Release|Any CPU
		{C4D02EBB-34FB-40FD-9666-4D420DC8BD85}.Release|Any CPU.Build.0 = Release|Any CPU
		{CCB0EC14-6C76-43F7-9BC9-BA5F058B551D}.Debug|Any CPU.ActiveCfg = Debug|Any CPU
		{CCB0EC14-6C76-43F7-9BC9-BA5F058B551D}.Debug|Any CPU.Build.0 = Debug|Any CPU
		{CCB0EC14-6C76-43F7-9BC9-BA5F058B551D}.Release|Any CPU.ActiveCfg = Release|Any CPU
		{CCB0EC14-6C76-43F7-9BC9-BA5F058B551D}.Release|Any CPU.Build.0 = Release|Any CPU
		{8CF89D3F-E83A-42E4-845E-D993C2C7CDCA}.Debug|Any CPU.ActiveCfg = Debug|Any CPU
		{8CF89D3F-E83A-42E4-845E-D993C2C7CDCA}.Debug|Any CPU.Build.0 = Debug|Any CPU
		{8CF89D3F-E83A-42E4-845E-D993C2C7CDCA}.Release|Any CPU.ActiveCfg = Release|Any CPU
		{8CF89D3F-E83A-42E4-845E-D993C2C7CDCA}.Release|Any CPU.Build.0 = Release|Any CPU
		{29C18DDE-B3BE-4385-AB5E-17857778D757}.Debug|Any CPU.ActiveCfg = Debug|Any CPU
		{29C18DDE-B3BE-4385-AB5E-17857778D757}.Debug|Any CPU.Build.0 = Debug|Any CPU
		{29C18DDE-B3BE-4385-AB5E-17857778D757}.Release|Any CPU.ActiveCfg = Release|Any CPU
		{29C18DDE-B3BE-4385-AB5E-17857778D757}.Release|Any CPU.Build.0 = Release|Any CPU
		{BEDA95A7-1A3E-452E-955F-20CEE3000154}.Debug|Any CPU.ActiveCfg = Debug|Any CPU
		{BEDA95A7-1A3E-452E-955F-20CEE3000154}.Debug|Any CPU.Build.0 = Debug|Any CPU
		{BEDA95A7-1A3E-452E-955F-20CEE3000154}.Release|Any CPU.ActiveCfg = Release|Any CPU
		{BEDA95A7-1A3E-452E-955F-20CEE3000154}.Release|Any CPU.Build.0 = Release|Any CPU
		{C31F1A30-9AF5-4B0A-894B-8CC7FDDECFBB}.Debug|Any CPU.ActiveCfg = Debug|Any CPU
		{C31F1A30-9AF5-4B0A-894B-8CC7FDDECFBB}.Debug|Any CPU.Build.0 = Debug|Any CPU
		{C31F1A30-9AF5-4B0A-894B-8CC7FDDECFBB}.Release|Any CPU.ActiveCfg = Release|Any CPU
		{C31F1A30-9AF5-4B0A-894B-8CC7FDDECFBB}.Release|Any CPU.Build.0 = Release|Any CPU
		{9B11CBB9-70AB-43B0-80B6-ECBF8AFD0EC7}.Debug|Any CPU.ActiveCfg = Debug|Any CPU
		{9B11CBB9-70AB-43B0-80B6-ECBF8AFD0EC7}.Debug|Any CPU.Build.0 = Debug|Any CPU
		{9B11CBB9-70AB-43B0-80B6-ECBF8AFD0EC7}.Release|Any CPU.ActiveCfg = Release|Any CPU
		{9B11CBB9-70AB-43B0-80B6-ECBF8AFD0EC7}.Release|Any CPU.Build.0 = Release|Any CPU
		{777D7F77-2029-4062-85CC-CCA2BD61C8D0}.Debug|Any CPU.ActiveCfg = Debug|Any CPU
		{777D7F77-2029-4062-85CC-CCA2BD61C8D0}.Debug|Any CPU.Build.0 = Debug|Any CPU
		{777D7F77-2029-4062-85CC-CCA2BD61C8D0}.Release|Any CPU.ActiveCfg = Release|Any CPU
		{777D7F77-2029-4062-85CC-CCA2BD61C8D0}.Release|Any CPU.Build.0 = Release|Any CPU
		{10C609A2-85DA-424E-BA8D-156283331C82}.Debug|Any CPU.ActiveCfg = Debug|Any CPU
		{10C609A2-85DA-424E-BA8D-156283331C82}.Debug|Any CPU.Build.0 = Debug|Any CPU
		{10C609A2-85DA-424E-BA8D-156283331C82}.Release|Any CPU.ActiveCfg = Release|Any CPU
		{10C609A2-85DA-424E-BA8D-156283331C82}.Release|Any CPU.Build.0 = Release|Any CPU
		{EC5175C0-D031-45AB-9D3E-E9921A62C106}.Debug|Any CPU.ActiveCfg = Debug|Any CPU
		{EC5175C0-D031-45AB-9D3E-E9921A62C106}.Debug|Any CPU.Build.0 = Debug|Any CPU
		{EC5175C0-D031-45AB-9D3E-E9921A62C106}.Release|Any CPU.ActiveCfg = Release|Any CPU
		{EC5175C0-D031-45AB-9D3E-E9921A62C106}.Release|Any CPU.Build.0 = Release|Any CPU
		{0E82CD8D-D2C7-492E-A271-4255AFD32B2F}.Debug|Any CPU.ActiveCfg = Debug|Any CPU
		{0E82CD8D-D2C7-492E-A271-4255AFD32B2F}.Debug|Any CPU.Build.0 = Debug|Any CPU
		{0E82CD8D-D2C7-492E-A271-4255AFD32B2F}.Release|Any CPU.ActiveCfg = Release|Any CPU
		{0E82CD8D-D2C7-492E-A271-4255AFD32B2F}.Release|Any CPU.Build.0 = Release|Any CPU
		{AC56C43A-305B-4BBB-86A9-9B1CBDE44DC1}.Debug|Any CPU.ActiveCfg = Debug|Any CPU
		{AC56C43A-305B-4BBB-86A9-9B1CBDE44DC1}.Debug|Any CPU.Build.0 = Debug|Any CPU
		{AC56C43A-305B-4BBB-86A9-9B1CBDE44DC1}.Release|Any CPU.ActiveCfg = Release|Any CPU
		{AC56C43A-305B-4BBB-86A9-9B1CBDE44DC1}.Release|Any CPU.Build.0 = Release|Any CPU
		{EB6E380E-E954-4190-B439-4809E31DD811}.Debug|Any CPU.ActiveCfg = Debug|Any CPU
		{EB6E380E-E954-4190-B439-4809E31DD811}.Debug|Any CPU.Build.0 = Debug|Any CPU
		{EB6E380E-E954-4190-B439-4809E31DD811}.Release|Any CPU.ActiveCfg = Release|Any CPU
		{EB6E380E-E954-4190-B439-4809E31DD811}.Release|Any CPU.Build.0 = Release|Any CPU
		{6EF61364-C84C-4BAD-9CBE-E13262D25491}.Debug|Any CPU.ActiveCfg = Debug|Any CPU
		{6EF61364-C84C-4BAD-9CBE-E13262D25491}.Debug|Any CPU.Build.0 = Debug|Any CPU
		{6EF61364-C84C-4BAD-9CBE-E13262D25491}.Release|Any CPU.ActiveCfg = Release|Any CPU
		{6EF61364-C84C-4BAD-9CBE-E13262D25491}.Release|Any CPU.Build.0 = Release|Any CPU
		{054361CA-D9DA-48B6-8D67-876E71E8839A}.Debug|Any CPU.ActiveCfg = Debug|Any CPU
		{054361CA-D9DA-48B6-8D67-876E71E8839A}.Debug|Any CPU.Build.0 = Debug|Any CPU
		{054361CA-D9DA-48B6-8D67-876E71E8839A}.Release|Any CPU.ActiveCfg = Release|Any CPU
		{054361CA-D9DA-48B6-8D67-876E71E8839A}.Release|Any CPU.Build.0 = Release|Any CPU
	EndGlobalSection
	GlobalSection(SolutionProperties) = preSolution
		HideSolutionNode = FALSE
	EndGlobalSection
	GlobalSection(NestedProjects) = preSolution
		{72996836-1993-411B-A152-8A4ECC236487} = {BE05BEE7-2652-41E1-9B9A-360E9845CD3D}
		{1075A88A-6FA3-4103-9212-CCEFE6E799FB} = {BE05BEE7-2652-41E1-9B9A-360E9845CD3D}
		{15D355BB-1D16-4D8D-B24A-351000E77B00} = {BE05BEE7-2652-41E1-9B9A-360E9845CD3D}
		{F4677A72-48AC-4BEB-94B2-17A08D0B5D30} = {1B3BBBE0-3DDE-4B4F-B7EE-ACE16189DE5D}
		{D74F2F02-1B2F-4E73-A7F8-920CB4F149B4} = {1B3BBBE0-3DDE-4B4F-B7EE-ACE16189DE5D}
		{7CA07108-09FB-4BD5-9B79-683402030F8B} = {1B3BBBE0-3DDE-4B4F-B7EE-ACE16189DE5D}
		{44E23738-7015-4CCF-81AA-15DDC47F0645} = {6D176D68-6845-4A9D-80FB-313F592BDCE1}
		{7A4329FA-E4B3-47EE-83C5-C3820E22F2C9} = {6D176D68-6845-4A9D-80FB-313F592BDCE1}
		{3F82A059-152C-4E91-89F7-CC64DD90F7C5} = {6D176D68-6845-4A9D-80FB-313F592BDCE1}
		{C4D02EBB-34FB-40FD-9666-4D420DC8BD85} = {A6D0181D-5A54-4454-8B17-9B07E54AC7F0}
		{CCB0EC14-6C76-43F7-9BC9-BA5F058B551D} = {A6D0181D-5A54-4454-8B17-9B07E54AC7F0}
		{8CF89D3F-E83A-42E4-845E-D993C2C7CDCA} = {A6D0181D-5A54-4454-8B17-9B07E54AC7F0}
		{29C18DDE-B3BE-4385-AB5E-17857778D757} = {D6DAA0A4-15D7-485C-A7CD-68728D8E7819}
		{BEDA95A7-1A3E-452E-955F-20CEE3000154} = {D6DAA0A4-15D7-485C-A7CD-68728D8E7819}
		{C31F1A30-9AF5-4B0A-894B-8CC7FDDECFBB} = {D6DAA0A4-15D7-485C-A7CD-68728D8E7819}
		{9B11CBB9-70AB-43B0-80B6-ECBF8AFD0EC7} = {612741C4-A793-4AE8-A91C-91EAD22E039A}
		{777D7F77-2029-4062-85CC-CCA2BD61C8D0} = {612741C4-A793-4AE8-A91C-91EAD22E039A}
		{10C609A2-85DA-424E-BA8D-156283331C82} = {612741C4-A793-4AE8-A91C-91EAD22E039A}
		{EC5175C0-D031-45AB-9D3E-E9921A62C106} = {F5BE505E-534A-4953-95C2-BFAF849DC045}
		{0E82CD8D-D2C7-492E-A271-4255AFD32B2F} = {F5BE505E-534A-4953-95C2-BFAF849DC045}
		{AC56C43A-305B-4BBB-86A9-9B1CBDE44DC1} = {F5BE505E-534A-4953-95C2-BFAF849DC045}
		{EB6E380E-E954-4190-B439-4809E31DD811} = {64743052-03C5-4F9D-80F7-85817CFBF827}
		{6EF61364-C84C-4BAD-9CBE-E13262D25491} = {64743052-03C5-4F9D-80F7-85817CFBF827}
		{054361CA-D9DA-48B6-8D67-876E71E8839A} = {64743052-03C5-4F9D-80F7-85817CFBF827}
	EndGlobalSection
	GlobalSection(ExtensibilityGlobals) = postSolution
		SolutionGuid = {3B7D375C-F5E9-4A91-A5C8-D7E4C4A06F2D}
	EndGlobalSection
EndGlobal
